
Microsoft Visual Studio Solution File, Format Version 12.00
# Visual Studio Version 16
VisualStudioVersion = 16.0.30028.174
MinimumVisualStudioVersion = 10.0.40219.1
Project("{9A19103F-16F7-4668-BE54-9A1E7A4F7556}") = "PluralCrypt", "PluralCrypt\PluralCrypt.csproj", "{66F73F94-84F9-4B7C-8537-BA6247CCFD53}"
EndProject
Global
	GlobalSection(SolutionConfigurationPlatforms) = preSolution
		Debug|Any CPU = Debug|Any CPU
		Release|Any CPU = Release|Any CPU
	EndGlobalSection
	GlobalSection(ProjectConfigurationPlatforms) = postSolution
		{66F73F94-84F9-4B7C-8537-BA6247CCFD53}.Debug|Any CPU.ActiveCfg = Debug|Any CPU
		{66F73F94-84F9-4B7C-8537-BA6247CCFD53}.Debug|Any CPU.Build.0 = Debug|Any CPU
		{66F73F94-84F9-4B7C-8537-BA6247CCFD53}.Release|Any CPU.ActiveCfg = Release|Any CPU
		{66F73F94-84F9-4B7C-8537-BA6247CCFD53}.Release|Any CPU.Build.0 = Release|Any CPU
	EndGlobalSection
	GlobalSection(SolutionProperties) = preSolution
		HideSolutionNode = FALSE
	EndGlobalSection
	GlobalSection(ExtensibilityGlobals) = postSolution
		SolutionGuid = {9875ABCA-59BE-4E8D-A735-A7A92E47A418}
	EndGlobalSection
EndGlobal
